// !$*UTF8*$!
{
	archiveVersion = 1;
	classes = {
	};
	objectVersion = 50;
	objects = {

/* Begin PBXBuildFile section */
		17920D832454CB4C0030FAC8 /* AppDelegate.swift in Sources */ = {isa = PBXBuildFile; fileRef = 17920D822454CB4C0030FAC8 /* AppDelegate.swift */; };
		17920D852454CB4C0030FAC8 /* SceneDelegate.swift in Sources */ = {isa = PBXBuildFile; fileRef = 17920D842454CB4C0030FAC8 /* SceneDelegate.swift */; };
		17920D872454CB4C0030FAC8 /* ContentView.swift in Sources */ = {isa = PBXBuildFile; fileRef = 17920D862454CB4C0030FAC8 /* ContentView.swift */; };
		17920D892454CB4F0030FAC8 /* Assets.xcassets in Resources */ = {isa = PBXBuildFile; fileRef = 17920D882454CB4F0030FAC8 /* Assets.xcassets */; };
		17920D8C2454CB4F0030FAC8 /* Preview Assets.xcassets in Resources */ = {isa = PBXBuildFile; fileRef = 17920D8B2454CB4F0030FAC8 /* Preview Assets.xcassets */; };
		17920D8F2454CB4F0030FAC8 /* LaunchScreen.storyboard in Resources */ = {isa = PBXBuildFile; fileRef = 17920D8D2454CB4F0030FAC8 /* LaunchScreen.storyboard */; };
		17920D9A2454CB4F0030FAC8 /* walk_nowTests.swift in Sources */ = {isa = PBXBuildFile; fileRef = 17920D992454CB4F0030FAC8 /* walk_nowTests.swift */; };
		17920DA52454CB4F0030FAC8 /* walk_nowUITests.swift in Sources */ = {isa = PBXBuildFile; fileRef = 17920DA42454CB4F0030FAC8 /* walk_nowUITests.swift */; };
		17920DB52454D1330030FAC8 /* HealthKit.framework in Frameworks */ = {isa = PBXBuildFile; fileRef = 17920DB42454D1330030FAC8 /* HealthKit.framework */; };
		361CB267D04F59799403FA75 /* Pods_walk_now_walk_nowUITests.framework in Frameworks */ = {isa = PBXBuildFile; fileRef = CE7756AC6F92013277A19626 /* Pods_walk_now_walk_nowUITests.framework */; };
		474C8758E5893DEC5FC22593 /* Pods_walk_nowTests.framework in Frameworks */ = {isa = PBXBuildFile; fileRef = 023BC95D602094F83178F2DF /* Pods_walk_nowTests.framework */; };
		67012ADEC05502F9E7C3E623 /* Pods_walk_now.framework in Frameworks */ = {isa = PBXBuildFile; fileRef = DE7AA12A5C9E6ECCB64CC34E /* Pods_walk_now.framework */; };
/* End PBXBuildFile section */

/* Begin PBXContainerItemProxy section */
		17920D962454CB4F0030FAC8 /* PBXContainerItemProxy */ = {
			isa = PBXContainerItemProxy;
			containerPortal = 17920D772454CB4C0030FAC8 /* Project object */;
			proxyType = 1;
			remoteGlobalIDString = 17920D7E2454CB4C0030FAC8;
			remoteInfo = "walk:now";
		};
		17920DA12454CB4F0030FAC8 /* PBXContainerItemProxy */ = {
			isa = PBXContainerItemProxy;
			containerPortal = 17920D772454CB4C0030FAC8 /* Project object */;
			proxyType = 1;
			remoteGlobalIDString = 17920D7E2454CB4C0030FAC8;
			remoteInfo = "walk:now";
		};
/* End PBXContainerItemProxy section */

/* Begin PBXFileReference section */
		023BC95D602094F83178F2DF /* Pods_walk_nowTests.framework */ = {isa = PBXFileReference; explicitFileType = wrapper.framework; includeInIndex = 0; path = Pods_walk_nowTests.framework; sourceTree = BUILT_PRODUCTS_DIR; };
		16793118C7E090B49B326F40 /* Pods-walk:now.debug.xcconfig */ = {isa = PBXFileReference; includeInIndex = 1; lastKnownFileType = text.xcconfig; name = "Pods-walk:now.debug.xcconfig"; path = "Target Support Files/Pods-walk:now/Pods-walk:now.debug.xcconfig"; sourceTree = "<group>"; };
		17920D7F2454CB4C0030FAC8 /* walk:now.app */ = {isa = PBXFileReference; explicitFileType = wrapper.application; includeInIndex = 0; path = "walk:now.app"; sourceTree = BUILT_PRODUCTS_DIR; };
		17920D822454CB4C0030FAC8 /* AppDelegate.swift */ = {isa = PBXFileReference; lastKnownFileType = sourcecode.swift; path = AppDelegate.swift; sourceTree = "<group>"; };
		17920D842454CB4C0030FAC8 /* SceneDelegate.swift */ = {isa = PBXFileReference; lastKnownFileType = sourcecode.swift; path = SceneDelegate.swift; sourceTree = "<group>"; };
		17920D862454CB4C0030FAC8 /* ContentView.swift */ = {isa = PBXFileReference; lastKnownFileType = sourcecode.swift; path = ContentView.swift; sourceTree = "<group>"; };
		17920D882454CB4F0030FAC8 /* Assets.xcassets */ = {isa = PBXFileReference; lastKnownFileType = folder.assetcatalog; path = Assets.xcassets; sourceTree = "<group>"; };
		17920D8B2454CB4F0030FAC8 /* Preview Assets.xcassets */ = {isa = PBXFileReference; lastKnownFileType = folder.assetcatalog; path = "Preview Assets.xcassets"; sourceTree = "<group>"; };
		17920D8E2454CB4F0030FAC8 /* Base */ = {isa = PBXFileReference; lastKnownFileType = file.storyboard; name = Base; path = Base.lproj/LaunchScreen.storyboard; sourceTree = "<group>"; };
		17920D902454CB4F0030FAC8 /* Info.plist */ = {isa = PBXFileReference; lastKnownFileType = text.plist.xml; path = Info.plist; sourceTree = "<group>"; };
		17920D952454CB4F0030FAC8 /* walk:nowTests.xctest */ = {isa = PBXFileReference; explicitFileType = wrapper.cfbundle; includeInIndex = 0; path = "walk:nowTests.xctest"; sourceTree = BUILT_PRODUCTS_DIR; };
		17920D992454CB4F0030FAC8 /* walk_nowTests.swift */ = {isa = PBXFileReference; lastKnownFileType = sourcecode.swift; path = walk_nowTests.swift; sourceTree = "<group>"; };
		17920D9B2454CB4F0030FAC8 /* Info.plist */ = {isa = PBXFileReference; lastKnownFileType = text.plist.xml; path = Info.plist; sourceTree = "<group>"; };
		17920DA02454CB4F0030FAC8 /* walk:nowUITests.xctest */ = {isa = PBXFileReference; explicitFileType = wrapper.cfbundle; includeInIndex = 0; path = "walk:nowUITests.xctest"; sourceTree = BUILT_PRODUCTS_DIR; };
		17920DA42454CB4F0030FAC8 /* walk_nowUITests.swift */ = {isa = PBXFileReference; lastKnownFileType = sourcecode.swift; path = walk_nowUITests.swift; sourceTree = "<group>"; };
		17920DA62454CB4F0030FAC8 /* Info.plist */ = {isa = PBXFileReference; lastKnownFileType = text.plist.xml; path = Info.plist; sourceTree = "<group>"; };
		17920DB22454D1330030FAC8 /* walk:now.entitlements */ = {isa = PBXFileReference; lastKnownFileType = text.plist.entitlements; path = "walk:now.entitlements"; sourceTree = "<group>"; };
		17920DB42454D1330030FAC8 /* HealthKit.framework */ = {isa = PBXFileReference; lastKnownFileType = wrapper.framework; name = HealthKit.framework; path = System/Library/Frameworks/HealthKit.framework; sourceTree = SDKROOT; };
		35C1EB7098DD5B96E1BD5726 /* Pods-walk:now-walk:nowUITests.release.xcconfig */ = {isa = PBXFileReference; includeInIndex = 1; lastKnownFileType = text.xcconfig; name = "Pods-walk:now-walk:nowUITests.release.xcconfig"; path = "Target Support Files/Pods-walk:now-walk:nowUITests/Pods-walk:now-walk:nowUITests.release.xcconfig"; sourceTree = "<group>"; };
		57D6C028A775C28646562A57 /* Pods-walk:now.release.xcconfig */ = {isa = PBXFileReference; includeInIndex = 1; lastKnownFileType = text.xcconfig; name = "Pods-walk:now.release.xcconfig"; path = "Target Support Files/Pods-walk:now/Pods-walk:now.release.xcconfig"; sourceTree = "<group>"; };
		A2F05BEDB87DDD00E9F08A13 /* Pods-walk:nowTests.debug.xcconfig */ = {isa = PBXFileReference; includeInIndex = 1; lastKnownFileType = text.xcconfig; name = "Pods-walk:nowTests.debug.xcconfig"; path = "Target Support Files/Pods-walk:nowTests/Pods-walk:nowTests.debug.xcconfig"; sourceTree = "<group>"; };
		C93892798148B283C64D0CB6 /* Pods-walk:now-walk:nowUITests.debug.xcconfig */ = {isa = PBXFileReference; includeInIndex = 1; lastKnownFileType = text.xcconfig; name = "Pods-walk:now-walk:nowUITests.debug.xcconfig"; path = "Target Support Files/Pods-walk:now-walk:nowUITests/Pods-walk:now-walk:nowUITests.debug.xcconfig"; sourceTree = "<group>"; };
		CE7756AC6F92013277A19626 /* Pods_walk_now_walk_nowUITests.framework */ = {isa = PBXFileReference; explicitFileType = wrapper.framework; includeInIndex = 0; path = Pods_walk_now_walk_nowUITests.framework; sourceTree = BUILT_PRODUCTS_DIR; };
		D089FC6C501674378F35F63B /* Pods-walk:nowTests.release.xcconfig */ = {isa = PBXFileReference; includeInIndex = 1; lastKnownFileType = text.xcconfig; name = "Pods-walk:nowTests.release.xcconfig"; path = "Target Support Files/Pods-walk:nowTests/Pods-walk:nowTests.release.xcconfig"; sourceTree = "<group>"; };
		DE7AA12A5C9E6ECCB64CC34E /* Pods_walk_now.framework */ = {isa = PBXFileReference; explicitFileType = wrapper.framework; includeInIndex = 0; path = Pods_walk_now.framework; sourceTree = BUILT_PRODUCTS_DIR; };
/* End PBXFileReference section */

/* Begin PBXFrameworksBuildPhase section */
		17920D7C2454CB4C0030FAC8 /* Frameworks */ = {
			isa = PBXFrameworksBuildPhase;
			buildActionMask = 2147483647;
			files = (
				17920DB52454D1330030FAC8 /* HealthKit.framework in Frameworks */,
				67012ADEC05502F9E7C3E623 /* Pods_walk_now.framework in Frameworks */,
			);
			runOnlyForDeploymentPostprocessing = 0;
		};
		17920D922454CB4F0030FAC8 /* Frameworks */ = {
			isa = PBXFrameworksBuildPhase;
			buildActionMask = 2147483647;
			files = (
				474C8758E5893DEC5FC22593 /* Pods_walk_nowTests.framework in Frameworks */,
			);
			runOnlyForDeploymentPostprocessing = 0;
		};
		17920D9D2454CB4F0030FAC8 /* Frameworks */ = {
			isa = PBXFrameworksBuildPhase;
			buildActionMask = 2147483647;
			files = (
				361CB267D04F59799403FA75 /* Pods_walk_now_walk_nowUITests.framework in Frameworks */,
			);
			runOnlyForDeploymentPostprocessing = 0;
		};
/* End PBXFrameworksBuildPhase section */

/* Begin PBXGroup section */
		17920D762454CB4C0030FAC8 = {
			isa = PBXGroup;
			children = (
				17920D812454CB4C0030FAC8 /* walk:now */,
				17920D982454CB4F0030FAC8 /* walk:nowTests */,
				17920DA32454CB4F0030FAC8 /* walk:nowUITests */,
				17920D802454CB4C0030FAC8 /* Products */,
				17920DB32454D1330030FAC8 /* Frameworks */,
				AE95E8DC2150AEF553E58646 /* Pods */,
			);
			sourceTree = "<group>";
		};
		17920D802454CB4C0030FAC8 /* Products */ = {
			isa = PBXGroup;
			children = (
				17920D7F2454CB4C0030FAC8 /* walk:now.app */,
				17920D952454CB4F0030FAC8 /* walk:nowTests.xctest */,
				17920DA02454CB4F0030FAC8 /* walk:nowUITests.xctest */,
			);
			name = Products;
			sourceTree = "<group>";
		};
		17920D812454CB4C0030FAC8 /* walk:now */ = {
			isa = PBXGroup;
			children = (
				17920DB22454D1330030FAC8 /* walk:now.entitlements */,
				17920D822454CB4C0030FAC8 /* AppDelegate.swift */,
				17920D842454CB4C0030FAC8 /* SceneDelegate.swift */,
				17920D862454CB4C0030FAC8 /* ContentView.swift */,
				17920D882454CB4F0030FAC8 /* Assets.xcassets */,
				17920D8D2454CB4F0030FAC8 /* LaunchScreen.storyboard */,
				17920D902454CB4F0030FAC8 /* Info.plist */,
				17920D8A2454CB4F0030FAC8 /* Preview Content */,
			);
			path = "walk:now";
			sourceTree = "<group>";
		};
		17920D8A2454CB4F0030FAC8 /* Preview Content */ = {
			isa = PBXGroup;
			children = (
				17920D8B2454CB4F0030FAC8 /* Preview Assets.xcassets */,
			);
			path = "Preview Content";
			sourceTree = "<group>";
		};
		17920D982454CB4F0030FAC8 /* walk:nowTests */ = {
			isa = PBXGroup;
			children = (
				17920D992454CB4F0030FAC8 /* walk_nowTests.swift */,
				17920D9B2454CB4F0030FAC8 /* Info.plist */,
			);
			path = "walk:nowTests";
			sourceTree = "<group>";
		};
		17920DA32454CB4F0030FAC8 /* walk:nowUITests */ = {
			isa = PBXGroup;
			children = (
				17920DA42454CB4F0030FAC8 /* walk_nowUITests.swift */,
				17920DA62454CB4F0030FAC8 /* Info.plist */,
			);
			path = "walk:nowUITests";
			sourceTree = "<group>";
		};
		17920DB32454D1330030FAC8 /* Frameworks */ = {
			isa = PBXGroup;
			children = (
				17920DB42454D1330030FAC8 /* HealthKit.framework */,
				DE7AA12A5C9E6ECCB64CC34E /* Pods_walk_now.framework */,
				CE7756AC6F92013277A19626 /* Pods_walk_now_walk_nowUITests.framework */,
				023BC95D602094F83178F2DF /* Pods_walk_nowTests.framework */,
			);
			name = Frameworks;
			sourceTree = "<group>";
		};
		AE95E8DC2150AEF553E58646 /* Pods */ = {
			isa = PBXGroup;
			children = (
				16793118C7E090B49B326F40 /* Pods-walk:now.debug.xcconfig */,
				57D6C028A775C28646562A57 /* Pods-walk:now.release.xcconfig */,
				C93892798148B283C64D0CB6 /* Pods-walk:now-walk:nowUITests.debug.xcconfig */,
				35C1EB7098DD5B96E1BD5726 /* Pods-walk:now-walk:nowUITests.release.xcconfig */,
				A2F05BEDB87DDD00E9F08A13 /* Pods-walk:nowTests.debug.xcconfig */,
				D089FC6C501674378F35F63B /* Pods-walk:nowTests.release.xcconfig */,
			);
			name = Pods;
			path = Pods;
			sourceTree = "<group>";
		};
/* End PBXGroup section */

/* Begin PBXNativeTarget section */
		17920D7E2454CB4C0030FAC8 /* walk:now */ = {
			isa = PBXNativeTarget;
			buildConfigurationList = 17920DA92454CB4F0030FAC8 /* Build configuration list for PBXNativeTarget "walk:now" */;
			buildPhases = (
				E81045124FA825826DC35E48 /* [CP] Check Pods Manifest.lock */,
				17920D7B2454CB4C0030FAC8 /* Sources */,
				17920D7C2454CB4C0030FAC8 /* Frameworks */,
				17920D7D2454CB4C0030FAC8 /* Resources */,
				8FF3AC8970EDE8C11A1DCF86 /* [CP] Copy Pods Resources */,
			);
			buildRules = (
			);
			dependencies = (
			);
			name = "walk:now";
			productName = "walk:now";
			productReference = 17920D7F2454CB4C0030FAC8 /* walk:now.app */;
			productType = "com.apple.product-type.application";
		};
		17920D942454CB4F0030FAC8 /* walk:nowTests */ = {
			isa = PBXNativeTarget;
			buildConfigurationList = 17920DAC2454CB4F0030FAC8 /* Build configuration list for PBXNativeTarget "walk:nowTests" */;
			buildPhases = (
				EAEF176B76AF1E07507EE5F9 /* [CP] Check Pods Manifest.lock */,
				17920D912454CB4F0030FAC8 /* Sources */,
				17920D922454CB4F0030FAC8 /* Frameworks */,
				17920D932454CB4F0030FAC8 /* Resources */,
			);
			buildRules = (
			);
			dependencies = (
				17920D972454CB4F0030FAC8 /* PBXTargetDependency */,
			);
			name = "walk:nowTests";
			productName = "walk:nowTests";
			productReference = 17920D952454CB4F0030FAC8 /* walk:nowTests.xctest */;
			productType = "com.apple.product-type.bundle.unit-test";
		};
		17920D9F2454CB4F0030FAC8 /* walk:nowUITests */ = {
			isa = PBXNativeTarget;
			buildConfigurationList = 17920DAF2454CB4F0030FAC8 /* Build configuration list for PBXNativeTarget "walk:nowUITests" */;
			buildPhases = (
				1DCF9F34AB619CCB1B70345E /* [CP] Check Pods Manifest.lock */,
				17920D9C2454CB4F0030FAC8 /* Sources */,
				17920D9D2454CB4F0030FAC8 /* Frameworks */,
				17920D9E2454CB4F0030FAC8 /* Resources */,
				A4A4AEBB69CBC7F2EF75B5B2 /* [CP] Copy Pods Resources */,
			);
			buildRules = (
			);
			dependencies = (
				17920DA22454CB4F0030FAC8 /* PBXTargetDependency */,
			);
			name = "walk:nowUITests";
			productName = "walk:nowUITests";
			productReference = 17920DA02454CB4F0030FAC8 /* walk:nowUITests.xctest */;
			productType = "com.apple.product-type.bundle.ui-testing";
		};
/* End PBXNativeTarget section */

/* Begin PBXProject section */
		17920D772454CB4C0030FAC8 /* Project object */ = {
			isa = PBXProject;
			attributes = {
				LastSwiftUpdateCheck = 1140;
				LastUpgradeCheck = 1140;
				ORGANIZATIONNAME = "Megan Zhu";
				TargetAttributes = {
					17920D7E2454CB4C0030FAC8 = {
						CreatedOnToolsVersion = 11.4.1;
					};
					17920D942454CB4F0030FAC8 = {
						CreatedOnToolsVersion = 11.4.1;
						TestTargetID = 17920D7E2454CB4C0030FAC8;
					};
					17920D9F2454CB4F0030FAC8 = {
						CreatedOnToolsVersion = 11.4.1;
						TestTargetID = 17920D7E2454CB4C0030FAC8;
					};
				};
			};
			buildConfigurationList = 17920D7A2454CB4C0030FAC8 /* Build configuration list for PBXProject "walk:now" */;
			compatibilityVersion = "Xcode 9.3";
			developmentRegion = en;
			hasScannedForEncodings = 0;
			knownRegions = (
				en,
				Base,
			);
			mainGroup = 17920D762454CB4C0030FAC8;
			productRefGroup = 17920D802454CB4C0030FAC8 /* Products */;
			projectDirPath = "";
			projectRoot = "";
			targets = (
				17920D7E2454CB4C0030FAC8 /* walk:now */,
				17920D942454CB4F0030FAC8 /* walk:nowTests */,
				17920D9F2454CB4F0030FAC8 /* walk:nowUITests */,
			);
		};
/* End PBXProject section */

/* Begin PBXResourcesBuildPhase section */
		17920D7D2454CB4C0030FAC8 /* Resources */ = {
			isa = PBXResourcesBuildPhase;
			buildActionMask = 2147483647;
			files = (
				17920D8F2454CB4F0030FAC8 /* LaunchScreen.storyboard in Resources */,
				17920D8C2454CB4F0030FAC8 /* Preview Assets.xcassets in Resources */,
				17920D892454CB4F0030FAC8 /* Assets.xcassets in Resources */,
			);
			runOnlyForDeploymentPostprocessing = 0;
		};
		17920D932454CB4F0030FAC8 /* Resources */ = {
			isa = PBXResourcesBuildPhase;
			buildActionMask = 2147483647;
			files = (
			);
			runOnlyForDeploymentPostprocessing = 0;
		};
		17920D9E2454CB4F0030FAC8 /* Resources */ = {
			isa = PBXResourcesBuildPhase;
			buildActionMask = 2147483647;
			files = (
			);
			runOnlyForDeploymentPostprocessing = 0;
		};
/* End PBXResourcesBuildPhase section */

/* Begin PBXShellScriptBuildPhase section */
		1DCF9F34AB619CCB1B70345E /* [CP] Check Pods Manifest.lock */ = {
			isa = PBXShellScriptBuildPhase;
			buildActionMask = 2147483647;
			files = (
			);
			inputFileListPaths = (
			);
			inputPaths = (
				"${PODS_PODFILE_DIR_PATH}/Podfile.lock",
				"${PODS_ROOT}/Manifest.lock",
			);
			name = "[CP] Check Pods Manifest.lock";
			outputFileListPaths = (
			);
			outputPaths = (
				"$(DERIVED_FILE_DIR)/Pods-walk:now-walk:nowUITests-checkManifestLockResult.txt",
			);
			runOnlyForDeploymentPostprocessing = 0;
			shellPath = /bin/sh;
			shellScript = "diff \"${PODS_PODFILE_DIR_PATH}/Podfile.lock\" \"${PODS_ROOT}/Manifest.lock\" > /dev/null\nif [ $? != 0 ] ; then\n    # print error to STDERR\n    echo \"error: The sandbox is not in sync with the Podfile.lock. Run 'pod install' or update your CocoaPods installation.\" >&2\n    exit 1\nfi\n# This output is used by Xcode 'outputs' to avoid re-running this script phase.\necho \"SUCCESS\" > \"${SCRIPT_OUTPUT_FILE_0}\"\n";
			showEnvVarsInLog = 0;
		};
		8FF3AC8970EDE8C11A1DCF86 /* [CP] Copy Pods Resources */ = {
			isa = PBXShellScriptBuildPhase;
			buildActionMask = 2147483647;
			files = (
			);
			inputFileListPaths = (
				"${PODS_ROOT}/Target Support Files/Pods-walk:now/Pods-walk:now-resources-${CONFIGURATION}-input-files.xcfilelist",
			);
			name = "[CP] Copy Pods Resources";
			outputFileListPaths = (
				"${PODS_ROOT}/Target Support Files/Pods-walk:now/Pods-walk:now-resources-${CONFIGURATION}-output-files.xcfilelist",
			);
			runOnlyForDeploymentPostprocessing = 0;
			shellPath = /bin/sh;
			shellScript = "\"${PODS_ROOT}/Target Support Files/Pods-walk:now/Pods-walk:now-resources.sh\"\n";
			showEnvVarsInLog = 0;
		};
		A4A4AEBB69CBC7F2EF75B5B2 /* [CP] Copy Pods Resources */ = {
			isa = PBXShellScriptBuildPhase;
			buildActionMask = 2147483647;
			files = (
			);
			inputFileListPaths = (
				"${PODS_ROOT}/Target Support Files/Pods-walk:now-walk:nowUITests/Pods-walk:now-walk:nowUITests-resources-${CONFIGURATION}-input-files.xcfilelist",
			);
			name = "[CP] Copy Pods Resources";
			outputFileListPaths = (
				"${PODS_ROOT}/Target Support Files/Pods-walk:now-walk:nowUITests/Pods-walk:now-walk:nowUITests-resources-${CONFIGURATION}-output-files.xcfilelist",
			);
			runOnlyForDeploymentPostprocessing = 0;
			shellPath = /bin/sh;
			shellScript = "\"${PODS_ROOT}/Target Support Files/Pods-walk:now-walk:nowUITests/Pods-walk:now-walk:nowUITests-resources.sh\"\n";
			showEnvVarsInLog = 0;
		};
		E81045124FA825826DC35E48 /* [CP] Check Pods Manifest.lock */ = {
			isa = PBXShellScriptBuildPhase;
			buildActionMask = 2147483647;
			files = (
			);
			inputFileListPaths = (
			);
			inputPaths = (
				"${PODS_PODFILE_DIR_PATH}/Podfile.lock",
				"${PODS_ROOT}/Manifest.lock",
			);
			name = "[CP] Check Pods Manifest.lock";
			outputFileListPaths = (
			);
			outputPaths = (
				"$(DERIVED_FILE_DIR)/Pods-walk:now-checkManifestLockResult.txt",
			);
			runOnlyForDeploymentPostprocessing = 0;
			shellPath = /bin/sh;
			shellScript = "diff \"${PODS_PODFILE_DIR_PATH}/Podfile.lock\" \"${PODS_ROOT}/Manifest.lock\" > /dev/null\nif [ $? != 0 ] ; then\n    # print error to STDERR\n    echo \"error: The sandbox is not in sync with the Podfile.lock. Run 'pod install' or update your CocoaPods installation.\" >&2\n    exit 1\nfi\n# This output is used by Xcode 'outputs' to avoid re-running this script phase.\necho \"SUCCESS\" > \"${SCRIPT_OUTPUT_FILE_0}\"\n";
			showEnvVarsInLog = 0;
		};
		EAEF176B76AF1E07507EE5F9 /* [CP] Check Pods Manifest.lock */ = {
			isa = PBXShellScriptBuildPhase;
			buildActionMask = 2147483647;
			files = (
			);
			inputFileListPaths = (
			);
			inputPaths = (
				"${PODS_PODFILE_DIR_PATH}/Podfile.lock",
				"${PODS_ROOT}/Manifest.lock",
			);
			name = "[CP] Check Pods Manifest.lock";
			outputFileListPaths = (
			);
			outputPaths = (
				"$(DERIVED_FILE_DIR)/Pods-walk:nowTests-checkManifestLockResult.txt",
			);
			runOnlyForDeploymentPostprocessing = 0;
			shellPath = /bin/sh;
			shellScript = "diff \"${PODS_PODFILE_DIR_PATH}/Podfile.lock\" \"${PODS_ROOT}/Manifest.lock\" > /dev/null\nif [ $? != 0 ] ; then\n    # print error to STDERR\n    echo \"error: The sandbox is not in sync with the Podfile.lock. Run 'pod install' or update your CocoaPods installation.\" >&2\n    exit 1\nfi\n# This output is used by Xcode 'outputs' to avoid re-running this script phase.\necho \"SUCCESS\" > \"${SCRIPT_OUTPUT_FILE_0}\"\n";
			showEnvVarsInLog = 0;
		};
/* End PBXShellScriptBuildPhase section */

/* Begin PBXSourcesBuildPhase section */
		17920D7B2454CB4C0030FAC8 /* Sources */ = {
			isa = PBXSourcesBuildPhase;
			buildActionMask = 2147483647;
			files = (
				17920D832454CB4C0030FAC8 /* AppDelegate.swift in Sources */,
				17920D852454CB4C0030FAC8 /* SceneDelegate.swift in Sources */,
				17920D872454CB4C0030FAC8 /* ContentView.swift in Sources */,
			);
			runOnlyForDeploymentPostprocessing = 0;
		};
		17920D912454CB4F0030FAC8 /* Sources */ = {
			isa = PBXSourcesBuildPhase;
			buildActionMask = 2147483647;
			files = (
				17920D9A2454CB4F0030FAC8 /* walk_nowTests.swift in Sources */,
			);
			runOnlyForDeploymentPostprocessing = 0;
		};
		17920D9C2454CB4F0030FAC8 /* Sources */ = {
			isa = PBXSourcesBuildPhase;
			buildActionMask = 2147483647;
			files = (
				17920DA52454CB4F0030FAC8 /* walk_nowUITests.swift in Sources */,
			);
			runOnlyForDeploymentPostprocessing = 0;
		};
/* End PBXSourcesBuildPhase section */

/* Begin PBXTargetDependency section */
		17920D972454CB4F0030FAC8 /* PBXTargetDependency */ = {
			isa = PBXTargetDependency;
			target = 17920D7E2454CB4C0030FAC8 /* walk:now */;
			targetProxy = 17920D962454CB4F0030FAC8 /* PBXContainerItemProxy */;
		};
		17920DA22454CB4F0030FAC8 /* PBXTargetDependency */ = {
			isa = PBXTargetDependency;
			target = 17920D7E2454CB4C0030FAC8 /* walk:now */;
			targetProxy = 17920DA12454CB4F0030FAC8 /* PBXContainerItemProxy */;
		};
/* End PBXTargetDependency section */

/* Begin PBXVariantGroup section */
		17920D8D2454CB4F0030FAC8 /* LaunchScreen.storyboard */ = {
			isa = PBXVariantGroup;
			children = (
				17920D8E2454CB4F0030FAC8 /* Base */,
			);
			name = LaunchScreen.storyboard;
			sourceTree = "<group>";
		};
/* End PBXVariantGroup section */

/* Begin XCBuildConfiguration section */
		17920DA72454CB4F0030FAC8 /* Debug */ = {
			isa = XCBuildConfiguration;
			buildSettings = {
				ALWAYS_SEARCH_USER_PATHS = NO;
				CLANG_ANALYZER_NONNULL = YES;
				CLANG_ANALYZER_NUMBER_OBJECT_CONVERSION = YES_AGGRESSIVE;
				CLANG_CXX_LANGUAGE_STANDARD = "gnu++14";
				CLANG_CXX_LIBRARY = "libc++";
				CLANG_ENABLE_MODULES = YES;
				CLANG_ENABLE_OBJC_ARC = YES;
				CLANG_ENABLE_OBJC_WEAK = YES;
				CLANG_WARN_BLOCK_CAPTURE_AUTORELEASING = YES;
				CLANG_WARN_BOOL_CONVERSION = YES;
				CLANG_WARN_COMMA = YES;
				CLANG_WARN_CONSTANT_CONVERSION = YES;
				CLANG_WARN_DEPRECATED_OBJC_IMPLEMENTATIONS = YES;
				CLANG_WARN_DIRECT_OBJC_ISA_USAGE = YES_ERROR;
				CLANG_WARN_DOCUMENTATION_COMMENTS = YES;
				CLANG_WARN_EMPTY_BODY = YES;
				CLANG_WARN_ENUM_CONVERSION = YES;
				CLANG_WARN_INFINITE_RECURSION = YES;
				CLANG_WARN_INT_CONVERSION = YES;
				CLANG_WARN_NON_LITERAL_NULL_CONVERSION = YES;
				CLANG_WARN_OBJC_IMPLICIT_RETAIN_SELF = YES;
				CLANG_WARN_OBJC_LITERAL_CONVERSION = YES;
				CLANG_WARN_OBJC_ROOT_CLASS = YES_ERROR;
				CLANG_WARN_RANGE_LOOP_ANALYSIS = YES;
				CLANG_WARN_STRICT_PROTOTYPES = YES;
				CLANG_WARN_SUSPICIOUS_MOVE = YES;
				CLANG_WARN_UNGUARDED_AVAILABILITY = YES_AGGRESSIVE;
				CLANG_WARN_UNREACHABLE_CODE = YES;
				CLANG_WARN__DUPLICATE_METHOD_MATCH = YES;
				COPY_PHASE_STRIP = NO;
				DEBUG_INFORMATION_FORMAT = dwarf;
				ENABLE_STRICT_OBJC_MSGSEND = YES;
				ENABLE_TESTABILITY = YES;
				GCC_C_LANGUAGE_STANDARD = gnu11;
				GCC_DYNAMIC_NO_PIC = NO;
				GCC_NO_COMMON_BLOCKS = YES;
				GCC_OPTIMIZATION_LEVEL = 0;
				GCC_PREPROCESSOR_DEFINITIONS = (
					"DEBUG=1",
					"$(inherited)",
				);
				GCC_WARN_64_TO_32_BIT_CONVERSION = YES;
				GCC_WARN_ABOUT_RETURN_TYPE = YES_ERROR;
				GCC_WARN_UNDECLARED_SELECTOR = YES;
				GCC_WARN_UNINITIALIZED_AUTOS = YES_AGGRESSIVE;
				GCC_WARN_UNUSED_FUNCTION = YES;
				GCC_WARN_UNUSED_VARIABLE = YES;
				IPHONEOS_DEPLOYMENT_TARGET = 13.4;
				MTL_ENABLE_DEBUG_INFO = INCLUDE_SOURCE;
				MTL_FAST_MATH = YES;
				ONLY_ACTIVE_ARCH = YES;
				SDKROOT = iphoneos;
				SWIFT_ACTIVE_COMPILATION_CONDITIONS = DEBUG;
				SWIFT_OPTIMIZATION_LEVEL = "-Onone";
			};
			name = Debug;
		};
		17920DA82454CB4F0030FAC8 /* Release */ = {
			isa = XCBuildConfiguration;
			buildSettings = {
				ALWAYS_SEARCH_USER_PATHS = NO;
				CLANG_ANALYZER_NONNULL = YES;
				CLANG_ANALYZER_NUMBER_OBJECT_CONVERSION = YES_AGGRESSIVE;
				CLANG_CXX_LANGUAGE_STANDARD = "gnu++14";
				CLANG_CXX_LIBRARY = "libc++";
				CLANG_ENABLE_MODULES = YES;
				CLANG_ENABLE_OBJC_ARC = YES;
				CLANG_ENABLE_OBJC_WEAK = YES;
				CLANG_WARN_BLOCK_CAPTURE_AUTORELEASING = YES;
				CLANG_WARN_BOOL_CONVERSION = YES;
				CLANG_WARN_COMMA = YES;
				CLANG_WARN_CONSTANT_CONVERSION = YES;
				CLANG_WARN_DEPRECATED_OBJC_IMPLEMENTATIONS = YES;
				CLANG_WARN_DIRECT_OBJC_ISA_USAGE = YES_ERROR;
				CLANG_WARN_DOCUMENTATION_COMMENTS = YES;
				CLANG_WARN_EMPTY_BODY = YES;
				CLANG_WARN_ENUM_CONVERSION = YES;
				CLANG_WARN_INFINITE_RECURSION = YES;
				CLANG_WARN_INT_CONVERSION = YES;
				CLANG_WARN_NON_LITERAL_NULL_CONVERSION = YES;
				CLANG_WARN_OBJC_IMPLICIT_RETAIN_SELF = YES;
				CLANG_WARN_OBJC_LITERAL_CONVERSION = YES;
				CLANG_WARN_OBJC_ROOT_CLASS = YES_ERROR;
				CLANG_WARN_RANGE_LOOP_ANALYSIS = YES;
				CLANG_WARN_STRICT_PROTOTYPES = YES;
				CLANG_WARN_SUSPICIOUS_MOVE = YES;
				CLANG_WARN_UNGUARDED_AVAILABILITY = YES_AGGRESSIVE;
				CLANG_WARN_UNREACHABLE_CODE = YES;
				CLANG_WARN__DUPLICATE_METHOD_MATCH = YES;
				COPY_PHASE_STRIP = NO;
				DEBUG_INFORMATION_FORMAT = "dwarf-with-dsym";
				ENABLE_NS_ASSERTIONS = NO;
				ENABLE_STRICT_OBJC_MSGSEND = YES;
				GCC_C_LANGUAGE_STANDARD = gnu11;
				GCC_NO_COMMON_BLOCKS = YES;
				GCC_WARN_64_TO_32_BIT_CONVERSION = YES;
				GCC_WARN_ABOUT_RETURN_TYPE = YES_ERROR;
				GCC_WARN_UNDECLARED_SELECTOR = YES;
				GCC_WARN_UNINITIALIZED_AUTOS = YES_AGGRESSIVE;
				GCC_WARN_UNUSED_FUNCTION = YES;
				GCC_WARN_UNUSED_VARIABLE = YES;
				IPHONEOS_DEPLOYMENT_TARGET = 13.4;
				MTL_ENABLE_DEBUG_INFO = NO;
				MTL_FAST_MATH = YES;
				SDKROOT = iphoneos;
				SWIFT_COMPILATION_MODE = wholemodule;
				SWIFT_OPTIMIZATION_LEVEL = "-O";
				VALIDATE_PRODUCT = YES;
			};
			name = Release;
		};
		17920DAA2454CB4F0030FAC8 /* Debug */ = {
			isa = XCBuildConfiguration;
			baseConfigurationReference = 16793118C7E090B49B326F40 /* Pods-walk:now.debug.xcconfig */;
			buildSettings = {
				ASSETCATALOG_COMPILER_APPICON_NAME = AppIcon;
				CODE_SIGN_ENTITLEMENTS = "walk:now/walk:now.entitlements";
				CODE_SIGN_STYLE = Automatic;
				DEVELOPMENT_ASSET_PATHS = "\"walk:now/Preview Content\"";
				ENABLE_PREVIEWS = YES;
				INFOPLIST_FILE = "walk:now/Info.plist";
				LD_RUNPATH_SEARCH_PATHS = (
					"$(inherited)",
					"@executable_path/Frameworks",
				);
				PRODUCT_BUNDLE_IDENTIFIER = "asdf.walk-now";
				PRODUCT_NAME = "$(TARGET_NAME)";
				SWIFT_VERSION = 5.0;
				TARGETED_DEVICE_FAMILY = "1,2";
			};
			name = Debug;
		};
		17920DAB2454CB4F0030FAC8 /* Release */ = {
			isa = XCBuildConfiguration;
			baseConfigurationReference = 57D6C028A775C28646562A57 /* Pods-walk:now.release.xcconfig */;
			buildSettings = {
				ASSETCATALOG_COMPILER_APPICON_NAME = AppIcon;
				CODE_SIGN_ENTITLEMENTS = "walk:now/walk:now.entitlements";
				CODE_SIGN_STYLE = Automatic;
				DEVELOPMENT_ASSET_PATHS = "\"walk:now/Preview Content\"";
				ENABLE_PREVIEWS = YES;
				INFOPLIST_FILE = "walk:now/Info.plist";
				LD_RUNPATH_SEARCH_PATHS = (
					"$(inherited)",
					"@executable_path/Frameworks",
				);
				PRODUCT_BUNDLE_IDENTIFIER = "asdf.walk-now";
				PRODUCT_NAME = "$(TARGET_NAME)";
				SWIFT_VERSION = 5.0;
				TARGETED_DEVICE_FAMILY = "1,2";
			};
			name = Release;
		};
		17920DAD2454CB4F0030FAC8 /* Debug */ = {
			isa = XCBuildConfiguration;
			baseConfigurationReference = A2F05BEDB87DDD00E9F08A13 /* Pods-walk:nowTests.debug.xcconfig */;
			buildSettings = {
				ALWAYS_EMBED_SWIFT_STANDARD_LIBRARIES = YES;
				BUNDLE_LOADER = "$(TEST_HOST)";
				CODE_SIGN_STYLE = Automatic;
				INFOPLIST_FILE = "walk:nowTests/Info.plist";
				IPHONEOS_DEPLOYMENT_TARGET = 13.4;
				LD_RUNPATH_SEARCH_PATHS = (
					"$(inherited)",
					"@executable_path/Frameworks",
					"@loader_path/Frameworks",
				);
				PRODUCT_BUNDLE_IDENTIFIER = "asdf.walk-nowTests";
				PRODUCT_NAME = "$(TARGET_NAME)";
				SWIFT_VERSION = 5.0;
				TARGETED_DEVICE_FAMILY = "1,2";
				TEST_HOST = "$(BUILT_PRODUCTS_DIR)/walk:now.app/walk:now";
			};
			name = Debug;
		};
		17920DAE2454CB4F0030FAC8 /* Release */ = {
			isa = XCBuildConfiguration;
			baseConfigurationReference = D089FC6C501674378F35F63B /* Pods-walk:nowTests.release.xcconfig */;
			buildSettings = {
				ALWAYS_EMBED_SWIFT_STANDARD_LIBRARIES = YES;
				BUNDLE_LOADER = "$(TEST_HOST)";
				CODE_SIGN_STYLE = Automatic;
				INFOPLIST_FILE = "walk:nowTests/Info.plist";
				IPHONEOS_DEPLOYMENT_TARGET = 13.4;
				LD_RUNPATH_SEARCH_PATHS = (
					"$(inherited)",
					"@executable_path/Frameworks",
					"@loader_path/Frameworks",
				);
				PRODUCT_BUNDLE_IDENTIFIER = "asdf.walk-nowTests";
				PRODUCT_NAME = "$(TARGET_NAME)";
				SWIFT_VERSION = 5.0;
				TARGETED_DEVICE_FAMILY = "1,2";
				TEST_HOST = "$(BUILT_PRODUCTS_DIR)/walk:now.app/walk:now";
			};
			name = Release;
		};
		17920DB02454CB4F0030FAC8 /* Debug */ = {
			isa = XCBuildConfiguration;
			baseConfigurationReference = C93892798148B283C64D0CB6 /* Pods-walk:now-walk:nowUITests.debug.xcconfig */;
			buildSettings = {
				ALWAYS_EMBED_SWIFT_STANDARD_LIBRARIES = YES;
				CODE_SIGN_STYLE = Automatic;
				INFOPLIST_FILE = "walk:nowUITests/Info.plist";
				LD_RUNPATH_SEARCH_PATHS = (
					"$(inherited)",
					"@executable_path/Frameworks",
					"@loader_path/Frameworks",
				);
				PRODUCT_BUNDLE_IDENTIFIER = "asdf.walk-nowUITests";
				PRODUCT_NAME = "$(TARGET_NAME)";
				SWIFT_VERSION = 5.0;
				TARGETED_DEVICE_FAMILY = "1,2";
				TEST_TARGET_NAME = "walk:now";
			};
			name = Debug;
		};
		17920DB12454CB4F0030FAC8 /* Release */ = {
			isa = XCBuildConfiguration;
			baseConfigurationReference = 35C1EB7098DD5B96E1BD5726 /* Pods-walk:now-walk:nowUITests.release.xcconfig */;
			buildSettings = {
				ALWAYS_EMBED_SWIFT_STANDARD_LIBRARIES = YES;
				CODE_SIGN_STYLE = Automatic;
				INFOPLIST_FILE = "walk:nowUITests/Info.plist";
				LD_RUNPATH_SEARCH_PATHS = (
					"$(inherited)",
					"@executable_path/Frameworks",
					"@loader_path/Frameworks",
				);
				PRODUCT_BUNDLE_IDENTIFIER = "asdf.walk-nowUITests";
				PRODUCT_NAME = "$(TARGET_NAME)";
				SWIFT_VERSION = 5.0;
				TARGETED_DEVICE_FAMILY = "1,2";
				TEST_TARGET_NAME = "walk:now";
			};
			name = Release;
		};
/* End XCBuildConfiguration section */

/* Begin XCConfigurationList section */
		17920D7A2454CB4C0030FAC8 /* Build configuration list for PBXProject "walk:now" */ = {
			isa = XCConfigurationList;
			buildConfigurations = (
				17920DA72454CB4F0030FAC8 /* Debug */,
				17920DA82454CB4F0030FAC8 /* Release */,
			);
			defaultConfigurationIsVisible = 0;
			defaultConfigurationName = Release;
		};
		17920DA92454CB4F0030FAC8 /* Build configuration list for PBXNativeTarget "walk:now" */ = {
			isa = XCConfigurationList;
			buildConfigurations = (
				17920DAA2454CB4F0030FAC8 /* Debug */,
				17920DAB2454CB4F0030FAC8 /* Release */,
			);
			defaultConfigurationIsVisible = 0;
			defaultConfigurationName = Release;
		};
		17920DAC2454CB4F0030FAC8 /* Build configuration list for PBXNativeTarget "walk:nowTests" */ = {
			isa = XCConfigurationList;
			buildConfigurations = (
				17920DAD2454CB4F0030FAC8 /* Debug */,
				17920DAE2454CB4F0030FAC8 /* Release */,
			);
			defaultConfigurationIsVisible = 0;
			defaultConfigurationName = Release;
		};
		17920DAF2454CB4F0030FAC8 /* Build configuration list for PBXNativeTarget "walk:nowUITests" */ = {
			isa = XCConfigurationList;
			buildConfigurations = (
				17920DB02454CB4F0030FAC8 /* Debug */,
				17920DB12454CB4F0030FAC8 /* Release */,
			);
			defaultConfigurationIsVisible = 0;
			defaultConfigurationName = Release;
		};
/* End XCConfigurationList section */
	};
	rootObject = 17920D772454CB4C0030FAC8 /* Project object */;
}
