// !$*UTF8*$!
{
	archiveVersion = 1;
	classes = {
	};
	objectVersion = 50;
	objects = {

/* Begin PBXBuildFile section */
		6FFE6605056A249728D60FD7 /* Pods_walk_now.framework in Frameworks */ = {isa = PBXBuildFile; fileRef = 0D9C8050E00347876148FD53 /* Pods_walk_now.framework */; };
		D6D95ECB2454F09D00224EE5 /* AppDelegate.swift in Sources */ = {isa = PBXBuildFile; fileRef = D6D95ECA2454F09D00224EE5 /* AppDelegate.swift */; };
		D6D95ECD2454F09D00224EE5 /* SceneDelegate.swift in Sources */ = {isa = PBXBuildFile; fileRef = D6D95ECC2454F09D00224EE5 /* SceneDelegate.swift */; };
		D6D95ECF2454F09D00224EE5 /* FirstViewController.swift in Sources */ = {isa = PBXBuildFile; fileRef = D6D95ECE2454F09D00224EE5 /* FirstViewController.swift */; };
		D6D95ED12454F09D00224EE5 /* SecondViewController.swift in Sources */ = {isa = PBXBuildFile; fileRef = D6D95ED02454F09D00224EE5 /* SecondViewController.swift */; };
		D6D95ED42454F09D00224EE5 /* Main.storyboard in Resources */ = {isa = PBXBuildFile; fileRef = D6D95ED22454F09D00224EE5 /* Main.storyboard */; };
		D6D95ED62454F09F00224EE5 /* Assets.xcassets in Resources */ = {isa = PBXBuildFile; fileRef = D6D95ED52454F09F00224EE5 /* Assets.xcassets */; };
		D6D95ED92454F09F00224EE5 /* LaunchScreen.storyboard in Resources */ = {isa = PBXBuildFile; fileRef = D6D95ED72454F09F00224EE5 /* LaunchScreen.storyboard */; };
		D6D95EE32454FACE00224EE5 /* HealthKit.framework in Frameworks */ = {isa = PBXBuildFile; fileRef = D6D95EE22454FACE00224EE5 /* HealthKit.framework */; };
/* End PBXBuildFile section */

/* Begin PBXFileReference section */
		01F12E91CD563452CABB4CDC /* Pods-walk-now.release.xcconfig */ = {isa = PBXFileReference; includeInIndex = 1; lastKnownFileType = text.xcconfig; name = "Pods-walk-now.release.xcconfig"; path = "Target Support Files/Pods-walk-now/Pods-walk-now.release.xcconfig"; sourceTree = "<group>"; };
		0D9C8050E00347876148FD53 /* Pods_walk_now.framework */ = {isa = PBXFileReference; explicitFileType = wrapper.framework; includeInIndex = 0; path = Pods_walk_now.framework; sourceTree = BUILT_PRODUCTS_DIR; };
		5157E8FE081468E68C2C195C /* Pods-walk-now.debug.xcconfig */ = {isa = PBXFileReference; includeInIndex = 1; lastKnownFileType = text.xcconfig; name = "Pods-walk-now.debug.xcconfig"; path = "Target Support Files/Pods-walk-now/Pods-walk-now.debug.xcconfig"; sourceTree = "<group>"; };
		D6D95EC72454F09D00224EE5 /* walk-now.app */ = {isa = PBXFileReference; explicitFileType = wrapper.application; includeInIndex = 0; path = "walk-now.app"; sourceTree = BUILT_PRODUCTS_DIR; };
		D6D95ECA2454F09D00224EE5 /* AppDelegate.swift */ = {isa = PBXFileReference; lastKnownFileType = sourcecode.swift; path = AppDelegate.swift; sourceTree = "<group>"; };
		D6D95ECC2454F09D00224EE5 /* SceneDelegate.swift */ = {isa = PBXFileReference; lastKnownFileType = sourcecode.swift; path = SceneDelegate.swift; sourceTree = "<group>"; };
		D6D95ECE2454F09D00224EE5 /* FirstViewController.swift */ = {isa = PBXFileReference; lastKnownFileType = sourcecode.swift; path = FirstViewController.swift; sourceTree = "<group>"; };
		D6D95ED02454F09D00224EE5 /* SecondViewController.swift */ = {isa = PBXFileReference; lastKnownFileType = sourcecode.swift; path = SecondViewController.swift; sourceTree = "<group>"; };
		D6D95ED32454F09D00224EE5 /* Base */ = {isa = PBXFileReference; lastKnownFileType = file.storyboard; name = Base; path = Base.lproj/Main.storyboard; sourceTree = "<group>"; };
		D6D95ED52454F09F00224EE5 /* Assets.xcassets */ = {isa = PBXFileReference; lastKnownFileType = folder.assetcatalog; path = Assets.xcassets; sourceTree = "<group>"; };
		D6D95ED82454F09F00224EE5 /* Base */ = {isa = PBXFileReference; lastKnownFileType = file.storyboard; name = Base; path = Base.lproj/LaunchScreen.storyboard; sourceTree = "<group>"; };
		D6D95EDA2454F09F00224EE5 /* Info.plist */ = {isa = PBXFileReference; lastKnownFileType = text.plist.xml; path = Info.plist; sourceTree = "<group>"; };
		D6D95EE02454FACD00224EE5 /* walk-now.entitlements */ = {isa = PBXFileReference; lastKnownFileType = text.plist.entitlements; path = "walk-now.entitlements"; sourceTree = "<group>"; };
		D6D95EE22454FACE00224EE5 /* HealthKit.framework */ = {isa = PBXFileReference; lastKnownFileType = wrapper.framework; name = HealthKit.framework; path = System/Library/Frameworks/HealthKit.framework; sourceTree = SDKROOT; };
/* End PBXFileReference section */

/* Begin PBXFrameworksBuildPhase section */
		D6D95EC42454F09D00224EE5 /* Frameworks */ = {
			isa = PBXFrameworksBuildPhase;
			buildActionMask = 2147483647;
			files = (
				D6D95EE32454FACE00224EE5 /* HealthKit.framework in Frameworks */,
				6FFE6605056A249728D60FD7 /* Pods_walk_now.framework in Frameworks */,
			);
			runOnlyForDeploymentPostprocessing = 0;
		};
/* End PBXFrameworksBuildPhase section */

/* Begin PBXGroup section */
		5BA128C2688EDA87D9A6E9C9 /* Pods */ = {
			isa = PBXGroup;
			children = (
				5157E8FE081468E68C2C195C /* Pods-walk-now.debug.xcconfig */,
				01F12E91CD563452CABB4CDC /* Pods-walk-now.release.xcconfig */,
			);
			name = Pods;
			path = Pods;
			sourceTree = "<group>";
		};
		D6D95EBE2454F09D00224EE5 = {
			isa = PBXGroup;
			children = (
				D6D95EC92454F09D00224EE5 /* walk-now */,
				D6D95EC82454F09D00224EE5 /* Products */,
				D6D95EE12454FACE00224EE5 /* Frameworks */,
				5BA128C2688EDA87D9A6E9C9 /* Pods */,
			);
			sourceTree = "<group>";
		};
		D6D95EC82454F09D00224EE5 /* Products */ = {
			isa = PBXGroup;
			children = (
				D6D95EC72454F09D00224EE5 /* walk-now.app */,
			);
			name = Products;
			sourceTree = "<group>";
		};
		D6D95EC92454F09D00224EE5 /* walk-now */ = {
			isa = PBXGroup;
			children = (
				D6D95EE02454FACD00224EE5 /* walk-now.entitlements */,
				D6D95ECA2454F09D00224EE5 /* AppDelegate.swift */,
				D6D95ECC2454F09D00224EE5 /* SceneDelegate.swift */,
				D6D95ECE2454F09D00224EE5 /* FirstViewController.swift */,
				D6D95ED02454F09D00224EE5 /* SecondViewController.swift */,
				D6D95ED22454F09D00224EE5 /* Main.storyboard */,
				D6D95ED52454F09F00224EE5 /* Assets.xcassets */,
				D6D95ED72454F09F00224EE5 /* LaunchScreen.storyboard */,
				D6D95EDA2454F09F00224EE5 /* Info.plist */,
			);
			path = "walk-now";
			sourceTree = "<group>";
		};
		D6D95EE12454FACE00224EE5 /* Frameworks */ = {
			isa = PBXGroup;
			children = (
				D6D95EE22454FACE00224EE5 /* HealthKit.framework */,
				0D9C8050E00347876148FD53 /* Pods_walk_now.framework */,
			);
			name = Frameworks;
			sourceTree = "<group>";
		};
/* End PBXGroup section */

/* Begin PBXNativeTarget section */
		D6D95EC62454F09D00224EE5 /* walk-now */ = {
			isa = PBXNativeTarget;
			buildConfigurationList = D6D95EDD2454F09F00224EE5 /* Build configuration list for PBXNativeTarget "walk-now" */;
			buildPhases = (
				AF96092F8996E88F2A95BF87 /* [CP] Check Pods Manifest.lock */,
				D6D95EC32454F09D00224EE5 /* Sources */,
				D6D95EC42454F09D00224EE5 /* Frameworks */,
				D6D95EC52454F09D00224EE5 /* Resources */,
				B23760F72376031CCB2334F1 /* [CP] Copy Pods Resources */,
			);
			buildRules = (
			);
			dependencies = (
			);
			name = "walk-now";
			productName = "walk-now";
			productReference = D6D95EC72454F09D00224EE5 /* walk-now.app */;
			productType = "com.apple.product-type.application";
		};
/* End PBXNativeTarget section */

/* Begin PBXProject section */
		D6D95EBF2454F09D00224EE5 /* Project object */ = {
			isa = PBXProject;
			attributes = {
				LastSwiftUpdateCheck = 1130;
				LastUpgradeCheck = 1130;
				ORGANIZATIONNAME = "Linda Deng";
				TargetAttributes = {
					D6D95EC62454F09D00224EE5 = {
						CreatedOnToolsVersion = 11.3.1;
					};
				};
			};
			buildConfigurationList = D6D95EC22454F09D00224EE5 /* Build configuration list for PBXProject "walk-now" */;
			compatibilityVersion = "Xcode 9.3";
			developmentRegion = en;
			hasScannedForEncodings = 0;
			knownRegions = (
				en,
				Base,
			);
			mainGroup = D6D95EBE2454F09D00224EE5;
			productRefGroup = D6D95EC82454F09D00224EE5 /* Products */;
			projectDirPath = "";
			projectRoot = "";
			targets = (
				D6D95EC62454F09D00224EE5 /* walk-now */,
			);
		};
/* End PBXProject section */

/* Begin PBXResourcesBuildPhase section */
		D6D95EC52454F09D00224EE5 /* Resources */ = {
			isa = PBXResourcesBuildPhase;
			buildActionMask = 2147483647;
			files = (
				D6D95ED92454F09F00224EE5 /* LaunchScreen.storyboard in Resources */,
				D6D95ED62454F09F00224EE5 /* Assets.xcassets in Resources */,
				D6D95ED42454F09D00224EE5 /* Main.storyboard in Resources */,
			);
			runOnlyForDeploymentPostprocessing = 0;
		};
/* End PBXResourcesBuildPhase section */

/* Begin PBXShellScriptBuildPhase section */
		AF96092F8996E88F2A95BF87 /* [CP] Check Pods Manifest.lock */ = {
			isa = PBXShellScriptBuildPhase;
			buildActionMask = 2147483647;
			files = (
			);
			inputFileListPaths = (
			);
			inputPaths = (
				"${PODS_PODFILE_DIR_PATH}/Podfile.lock",
				"${PODS_ROOT}/Manifest.lock",
			);
			name = "[CP] Check Pods Manifest.lock";
			outputFileListPaths = (
			);
			outputPaths = (
				"$(DERIVED_FILE_DIR)/Pods-walk-now-checkManifestLockResult.txt",
			);
			runOnlyForDeploymentPostprocessing = 0;
			shellPath = /bin/sh;
			shellScript = "diff \"${PODS_PODFILE_DIR_PATH}/Podfile.lock\" \"${PODS_ROOT}/Manifest.lock\" > /dev/null\nif [ $? != 0 ] ; then\n    # print error to STDERR\n    echo \"error: The sandbox is not in sync with the Podfile.lock. Run 'pod install' or update your CocoaPods installation.\" >&2\n    exit 1\nfi\n# This output is used by Xcode 'outputs' to avoid re-running this script phase.\necho \"SUCCESS\" > \"${SCRIPT_OUTPUT_FILE_0}\"\n";
			showEnvVarsInLog = 0;
		};
		B23760F72376031CCB2334F1 /* [CP] Copy Pods Resources */ = {
			isa = PBXShellScriptBuildPhase;
			buildActionMask = 2147483647;
			files = (
			);
			inputFileListPaths = (
				"${PODS_ROOT}/Target Support Files/Pods-walk-now/Pods-walk-now-resources-${CONFIGURATION}-input-files.xcfilelist",
			);
			name = "[CP] Copy Pods Resources";
			outputFileListPaths = (
				"${PODS_ROOT}/Target Support Files/Pods-walk-now/Pods-walk-now-resources-${CONFIGURATION}-output-files.xcfilelist",
			);
			runOnlyForDeploymentPostprocessing = 0;
			shellPath = /bin/sh;
			shellScript = "\"${PODS_ROOT}/Target Support Files/Pods-walk-now/Pods-walk-now-resources.sh\"\n";
			showEnvVarsInLog = 0;
		};
/* End PBXShellScriptBuildPhase section */

/* Begin PBXSourcesBuildPhase section */
		D6D95EC32454F09D00224EE5 /* Sources */ = {
			isa = PBXSourcesBuildPhase;
			buildActionMask = 2147483647;
			files = (
				D6D95ED12454F09D00224EE5 /* SecondViewController.swift in Sources */,
				D6D95ECF2454F09D00224EE5 /* FirstViewController.swift in Sources */,
				D6D95ECB2454F09D00224EE5 /* AppDelegate.swift in Sources */,
				D6D95ECD2454F09D00224EE5 /* SceneDelegate.swift in Sources */,
			);
			runOnlyForDeploymentPostprocessing = 0;
		};
/* End PBXSourcesBuildPhase section */

/* Begin PBXVariantGroup section */
		D6D95ED22454F09D00224EE5 /* Main.storyboard */ = {
			isa = PBXVariantGroup;
			children = (
				D6D95ED32454F09D00224EE5 /* Base */,
			);
			name = Main.storyboard;
			sourceTree = "<group>";
		};
		D6D95ED72454F09F00224EE5 /* LaunchScreen.storyboard */ = {
			isa = PBXVariantGroup;
			children = (
				D6D95ED82454F09F00224EE5 /* Base */,
			);
			name = LaunchScreen.storyboard;
			sourceTree = "<group>";
		};
/* End PBXVariantGroup section */

/* Begin XCBuildConfiguration section */
		D6D95EDB2454F09F00224EE5 /* Debug */ = {
			isa = XCBuildConfiguration;
			buildSettings = {
				ALWAYS_SEARCH_USER_PATHS = NO;
				CLANG_ANALYZER_NONNULL = YES;
				CLANG_ANALYZER_NUMBER_OBJECT_CONVERSION = YES_AGGRESSIVE;
				CLANG_CXX_LANGUAGE_STANDARD = "gnu++14";
				CLANG_CXX_LIBRARY = "libc++";
				CLANG_ENABLE_MODULES = YES;
				CLANG_ENABLE_OBJC_ARC = YES;
				CLANG_ENABLE_OBJC_WEAK = YES;
				CLANG_WARN_BLOCK_CAPTURE_AUTORELEASING = YES;
				CLANG_WARN_BOOL_CONVERSION = YES;
				CLANG_WARN_COMMA = YES;
				CLANG_WARN_CONSTANT_CONVERSION = YES;
				CLANG_WARN_DEPRECATED_OBJC_IMPLEMENTATIONS = YES;
				CLANG_WARN_DIRECT_OBJC_ISA_USAGE = YES_ERROR;
				CLANG_WARN_DOCUMENTATION_COMMENTS = YES;
				CLANG_WARN_EMPTY_BODY = YES;
				CLANG_WARN_ENUM_CONVERSION = YES;
				CLANG_WARN_INFINITE_RECURSION = YES;
				CLANG_WARN_INT_CONVERSION = YES;
				CLANG_WARN_NON_LITERAL_NULL_CONVERSION = YES;
				CLANG_WARN_OBJC_IMPLICIT_RETAIN_SELF = YES;
				CLANG_WARN_OBJC_LITERAL_CONVERSION = YES;
				CLANG_WARN_OBJC_ROOT_CLASS = YES_ERROR;
				CLANG_WARN_RANGE_LOOP_ANALYSIS = YES;
				CLANG_WARN_STRICT_PROTOTYPES = YES;
				CLANG_WARN_SUSPICIOUS_MOVE = YES;
				CLANG_WARN_UNGUARDED_AVAILABILITY = YES_AGGRESSIVE;
				CLANG_WARN_UNREACHABLE_CODE = YES;
				CLANG_WARN__DUPLICATE_METHOD_MATCH = YES;
				COPY_PHASE_STRIP = NO;
				DEBUG_INFORMATION_FORMAT = dwarf;
				ENABLE_STRICT_OBJC_MSGSEND = YES;
				ENABLE_TESTABILITY = YES;
				GCC_C_LANGUAGE_STANDARD = gnu11;
				GCC_DYNAMIC_NO_PIC = NO;
				GCC_NO_COMMON_BLOCKS = YES;
				GCC_OPTIMIZATION_LEVEL = 0;
				GCC_PREPROCESSOR_DEFINITIONS = (
					"DEBUG=1",
					"$(inherited)",
				);
				GCC_WARN_64_TO_32_BIT_CONVERSION = YES;
				GCC_WARN_ABOUT_RETURN_TYPE = YES_ERROR;
				GCC_WARN_UNDECLARED_SELECTOR = YES;
				GCC_WARN_UNINITIALIZED_AUTOS = YES_AGGRESSIVE;
				GCC_WARN_UNUSED_FUNCTION = YES;
				GCC_WARN_UNUSED_VARIABLE = YES;
				IPHONEOS_DEPLOYMENT_TARGET = 13.2;
				MTL_ENABLE_DEBUG_INFO = INCLUDE_SOURCE;
				MTL_FAST_MATH = YES;
				ONLY_ACTIVE_ARCH = YES;
				SDKROOT = iphoneos;
				SWIFT_ACTIVE_COMPILATION_CONDITIONS = DEBUG;
				SWIFT_OPTIMIZATION_LEVEL = "-Onone";
			};
			name = Debug;
		};
		D6D95EDC2454F09F00224EE5 /* Release */ = {
			isa = XCBuildConfiguration;
			buildSettings = {
				ALWAYS_SEARCH_USER_PATHS = NO;
				CLANG_ANALYZER_NONNULL = YES;
				CLANG_ANALYZER_NUMBER_OBJECT_CONVERSION = YES_AGGRESSIVE;
				CLANG_CXX_LANGUAGE_STANDARD = "gnu++14";
				CLANG_CXX_LIBRARY = "libc++";
				CLANG_ENABLE_MODULES = YES;
				CLANG_ENABLE_OBJC_ARC = YES;
				CLANG_ENABLE_OBJC_WEAK = YES;
				CLANG_WARN_BLOCK_CAPTURE_AUTORELEASING = YES;
				CLANG_WARN_BOOL_CONVERSION = YES;
				CLANG_WARN_COMMA = YES;
				CLANG_WARN_CONSTANT_CONVERSION = YES;
				CLANG_WARN_DEPRECATED_OBJC_IMPLEMENTATIONS = YES;
				CLANG_WARN_DIRECT_OBJC_ISA_USAGE = YES_ERROR;
				CLANG_WARN_DOCUMENTATION_COMMENTS = YES;
				CLANG_WARN_EMPTY_BODY = YES;
				CLANG_WARN_ENUM_CONVERSION = YES;
				CLANG_WARN_INFINITE_RECURSION = YES;
				CLANG_WARN_INT_CONVERSION = YES;
				CLANG_WARN_NON_LITERAL_NULL_CONVERSION = YES;
				CLANG_WARN_OBJC_IMPLICIT_RETAIN_SELF = YES;
				CLANG_WARN_OBJC_LITERAL_CONVERSION = YES;
				CLANG_WARN_OBJC_ROOT_CLASS = YES_ERROR;
				CLANG_WARN_RANGE_LOOP_ANALYSIS = YES;
				CLANG_WARN_STRICT_PROTOTYPES = YES;
				CLANG_WARN_SUSPICIOUS_MOVE = YES;
				CLANG_WARN_UNGUARDED_AVAILABILITY = YES_AGGRESSIVE;
				CLANG_WARN_UNREACHABLE_CODE = YES;
				CLANG_WARN__DUPLICATE_METHOD_MATCH = YES;
				COPY_PHASE_STRIP = NO;
				DEBUG_INFORMATION_FORMAT = "dwarf-with-dsym";
				ENABLE_NS_ASSERTIONS = NO;
				ENABLE_STRICT_OBJC_MSGSEND = YES;
				GCC_C_LANGUAGE_STANDARD = gnu11;
				GCC_NO_COMMON_BLOCKS = YES;
				GCC_WARN_64_TO_32_BIT_CONVERSION = YES;
				GCC_WARN_ABOUT_RETURN_TYPE = YES_ERROR;
				GCC_WARN_UNDECLARED_SELECTOR = YES;
				GCC_WARN_UNINITIALIZED_AUTOS = YES_AGGRESSIVE;
				GCC_WARN_UNUSED_FUNCTION = YES;
				GCC_WARN_UNUSED_VARIABLE = YES;
				IPHONEOS_DEPLOYMENT_TARGET = 13.2;
				MTL_ENABLE_DEBUG_INFO = NO;
				MTL_FAST_MATH = YES;
				SDKROOT = iphoneos;
				SWIFT_COMPILATION_MODE = wholemodule;
				SWIFT_OPTIMIZATION_LEVEL = "-O";
				VALIDATE_PRODUCT = YES;
			};
			name = Release;
		};
		D6D95EDE2454F09F00224EE5 /* Debug */ = {
			isa = XCBuildConfiguration;
			baseConfigurationReference = 5157E8FE081468E68C2C195C /* Pods-walk-now.debug.xcconfig */;
			buildSettings = {
				ASSETCATALOG_COMPILER_APPICON_NAME = AppIcon;
				CODE_SIGN_ENTITLEMENTS = "walk-now/walk-now.entitlements";
				CODE_SIGN_STYLE = Automatic;
				DEVELOPMENT_TEAM = NA2W5ZYVD8;
				INFOPLIST_FILE = "walk-now/Info.plist";
				LD_RUNPATH_SEARCH_PATHS = (
					"$(inherited)",
					"@executable_path/Frameworks",
				);
				PRODUCT_BUNDLE_IDENTIFIER = "com.lindadeng.walk-now";
				PRODUCT_NAME = "$(TARGET_NAME)";
				SWIFT_VERSION = 5.0;
				TARGETED_DEVICE_FAMILY = "1,2";
			};
			name = Debug;
		};
		D6D95EDF2454F09F00224EE5 /* Release */ = {
			isa = XCBuildConfiguration;
			baseConfigurationReference = 01F12E91CD563452CABB4CDC /* Pods-walk-now.release.xcconfig */;
			buildSettings = {
				ASSETCATALOG_COMPILER_APPICON_NAME = AppIcon;
				CODE_SIGN_ENTITLEMENTS = "walk-now/walk-now.entitlements";
				CODE_SIGN_STYLE = Automatic;
				DEVELOPMENT_TEAM = NA2W5ZYVD8;
				INFOPLIST_FILE = "walk-now/Info.plist";
				LD_RUNPATH_SEARCH_PATHS = (
					"$(inherited)",
					"@executable_path/Frameworks",
				);
				PRODUCT_BUNDLE_IDENTIFIER = "com.lindadeng.walk-now";
				PRODUCT_NAME = "$(TARGET_NAME)";
				SWIFT_VERSION = 5.0;
				TARGETED_DEVICE_FAMILY = "1,2";
			};
			name = Release;
		};
/* End XCBuildConfiguration section */

/* Begin XCConfigurationList section */
		D6D95EC22454F09D00224EE5 /* Build configuration list for PBXProject "walk-now" */ = {
			isa = XCConfigurationList;
			buildConfigurations = (
				D6D95EDB2454F09F00224EE5 /* Debug */,
				D6D95EDC2454F09F00224EE5 /* Release */,
			);
			defaultConfigurationIsVisible = 0;
			defaultConfigurationName = Release;
		};
		D6D95EDD2454F09F00224EE5 /* Build configuration list for PBXNativeTarget "walk-now" */ = {
			isa = XCConfigurationList;
			buildConfigurations = (
				D6D95EDE2454F09F00224EE5 /* Debug */,
				D6D95EDF2454F09F00224EE5 /* Release */,
			);
			defaultConfigurationIsVisible = 0;
			defaultConfigurationName = Release;
		};
/* End XCConfigurationList section */
	};
	rootObject = D6D95EBF2454F09D00224EE5 /* Project object */;
}
